
Microsoft Visual Studio Solution File, Format Version 12.00
# Visual Studio Version 16
VisualStudioVersion = 16.0.30503.244
MinimumVisualStudioVersion = 10.0.40219.1
Project("{9A19103F-16F7-4668-BE54-9A1E7A4F7556}") = "TaskManager", "TaskManager\TaskManager.csproj", "{18AEA185-B640-45D9-9E0F-F4D1B843B007}"
EndProject
Project("{9A19103F-16F7-4668-BE54-9A1E7A4F7556}") = "TaskManagerApi", "TaskManagerApi\TaskManagerApi.csproj", "{A1612E40-88A8-4D02-A16F-009914084148}"
EndProject
Project("{9A19103F-16F7-4668-BE54-9A1E7A4F7556}") = "TaskManagerApp", "SiriusStyleRdApp\TaskManagerApp.csproj", "{82867714-6950-4BAD-B956-72D9CA4D7E30}"
EndProject
Global
	GlobalSection(SolutionConfigurationPlatforms) = preSolution
		Debug|Any CPU = Debug|Any CPU
		Release|Any CPU = Release|Any CPU
	EndGlobalSection
	GlobalSection(ProjectConfigurationPlatforms) = postSolution
		{18AEA185-B640-45D9-9E0F-F4D1B843B007}.Debug|Any CPU.ActiveCfg = Debug|Any CPU
		{18AEA185-B640-45D9-9E0F-F4D1B843B007}.Debug|Any CPU.Build.0 = Debug|Any CPU
		{18AEA185-B640-45D9-9E0F-F4D1B843B007}.Release|Any CPU.ActiveCfg = Release|Any CPU
		{18AEA185-B640-45D9-9E0F-F4D1B843B007}.Release|Any CPU.Build.0 = Release|Any CPU
		{A1612E40-88A8-4D02-A16F-009914084148}.Debug|Any CPU.ActiveCfg = Debug|Any CPU
		{A1612E40-88A8-4D02-A16F-009914084148}.Debug|Any CPU.Build.0 = Debug|Any CPU
		{A1612E40-88A8-4D02-A16F-009914084148}.Release|Any CPU.ActiveCfg = Release|Any CPU
		{A1612E40-88A8-4D02-A16F-009914084148}.Release|Any CPU.Build.0 = Release|Any CPU
		{82867714-6950-4BAD-B956-72D9CA4D7E30}.Debug|Any CPU.ActiveCfg = Debug|Any CPU
		{82867714-6950-4BAD-B956-72D9CA4D7E30}.Debug|Any CPU.Build.0 = Debug|Any CPU
		{82867714-6950-4BAD-B956-72D9CA4D7E30}.Release|Any CPU.ActiveCfg = Release|Any CPU
		{82867714-6950-4BAD-B956-72D9CA4D7E30}.Release|Any CPU.Build.0 = Release|Any CPU
	EndGlobalSection
	GlobalSection(SolutionProperties) = preSolution
		HideSolutionNode = FALSE
	EndGlobalSection
	GlobalSection(ExtensibilityGlobals) = postSolution
		SolutionGuid = {316F2024-44A0-4AEB-A7C0-5349C64B2720}
	EndGlobalSection
EndGlobal
